
Microsoft Visual Studio Solution File, Format Version 12.00
# Visual Studio Version 17
VisualStudioVersion = 17.4.33403.182
MinimumVisualStudioVersion = 10.0.40219.1
Project("{FAE04EC0-301F-11D3-BF4B-00C04F79EFBC}") = "TaskAspNetCoreWebApi", "TaskAspNetCoreWebApi\TaskAspNetCoreWebApi.csproj", "{FBC5F005-2F6B-4A6C-B315-7DBC6B3AD241}"
EndProject
Global
	GlobalSection(SolutionConfigurationPlatforms) = preSolution
		Debug|Any CPU = Debug|Any CPU
		Release|Any CPU = Release|Any CPU
	EndGlobalSection
	GlobalSection(ProjectConfigurationPlatforms) = postSolution
		{FBC5F005-2F6B-4A6C-B315-7DBC6B3AD241}.Debug|Any CPU.ActiveCfg = Debug|Any CPU
		{FBC5F005-2F6B-4A6C-B315-7DBC6B3AD241}.Debug|Any CPU.Build.0 = Debug|Any CPU
		{FBC5F005-2F6B-4A6C-B315-7DBC6B3AD241}.Release|Any CPU.ActiveCfg = Release|Any CPU
		{FBC5F005-2F6B-4A6C-B315-7DBC6B3AD241}.Release|Any CPU.Build.0 = Release|Any CPU
	EndGlobalSection
	GlobalSection(SolutionProperties) = preSolution
		HideSolutionNode = FALSE
	EndGlobalSection
	GlobalSection(ExtensibilityGlobals) = postSolution
		SolutionGuid = {B425371A-582D-4B08-985D-34C6ED08D7AE}
	EndGlobalSection
EndGlobal
